// !$*UTF8*$!
{
	archiveVersion = 1;
	classes = {
	};
	objectVersion = 50;
	objects = {

/* Begin PBXBuildFile section */
		397ADF8E26012E80001ADBB1 /* SchoolPlannerApp.swift in Sources */ = {isa = PBXBuildFile; fileRef = 397ADF8D26012E80001ADBB1 /* SchoolPlannerApp.swift */; };
		397ADF9026012E80001ADBB1 /* ContentView.swift in Sources */ = {isa = PBXBuildFile; fileRef = 397ADF8F26012E80001ADBB1 /* ContentView.swift */; };
		397ADF9226012E86001ADBB1 /* Assets.xcassets in Resources */ = {isa = PBXBuildFile; fileRef = 397ADF9126012E86001ADBB1 /* Assets.xcassets */; };
		397ADF9526012E86001ADBB1 /* Preview Assets.xcassets in Resources */ = {isa = PBXBuildFile; fileRef = 397ADF9426012E86001ADBB1 /* Preview Assets.xcassets */; };
		39DDE1A62608E8DE00208D82 /* CourseDetailView.swift in Sources */ = {isa = PBXBuildFile; fileRef = 39DDE1A52608E8DE00208D82 /* CourseDetailView.swift */; };
		39DDE1A92608E9D100208D82 /* AddCourse.swift in Sources */ = {isa = PBXBuildFile; fileRef = 39DDE1A82608E9D100208D82 /* AddCourse.swift */; };
		39DDE1AC2608EB4C00208D82 /* Course.swift in Sources */ = {isa = PBXBuildFile; fileRef = 39DDE1AB2608EB4C00208D82 /* Course.swift */; };
		39DDE1AF2608F04500208D82 /* CourseCell.swift in Sources */ = {isa = PBXBuildFile; fileRef = 39DDE1AE2608F04500208D82 /* CourseCell.swift */; };
		39DDE1B22608F29F00208D82 /* CourseStore.swift in Sources */ = {isa = PBXBuildFile; fileRef = 39DDE1B12608F29F00208D82 /* CourseStore.swift */; };
		39DDE1B82609671F00208D82 /* Assignments.swift in Sources */ = {isa = PBXBuildFile; fileRef = 39DDE1B72609671F00208D82 /* Assignments.swift */; };
		39DDE1BB26096AA700208D82 /* AssignmentPriority.swift in Sources */ = {isa = PBXBuildFile; fileRef = 39DDE1BA26096AA700208D82 /* AssignmentPriority.swift */; };
/* End PBXBuildFile section */

/* Begin PBXFileReference section */
		397ADF8A26012E80001ADBB1 /* SchoolPlanner.app */ = {isa = PBXFileReference; explicitFileType = wrapper.application; includeInIndex = 0; path = SchoolPlanner.app; sourceTree = BUILT_PRODUCTS_DIR; };
		397ADF8D26012E80001ADBB1 /* SchoolPlannerApp.swift */ = {isa = PBXFileReference; lastKnownFileType = sourcecode.swift; path = SchoolPlannerApp.swift; sourceTree = "<group>"; };
		397ADF8F26012E80001ADBB1 /* ContentView.swift */ = {isa = PBXFileReference; lastKnownFileType = sourcecode.swift; path = ContentView.swift; sourceTree = "<group>"; };
		397ADF9126012E86001ADBB1 /* Assets.xcassets */ = {isa = PBXFileReference; lastKnownFileType = folder.assetcatalog; path = Assets.xcassets; sourceTree = "<group>"; };
		397ADF9426012E86001ADBB1 /* Preview Assets.xcassets */ = {isa = PBXFileReference; lastKnownFileType = folder.assetcatalog; path = "Preview Assets.xcassets"; sourceTree = "<group>"; };
		397ADF9626012E86001ADBB1 /* Info.plist */ = {isa = PBXFileReference; lastKnownFileType = text.plist.xml; path = Info.plist; sourceTree = "<group>"; };
		39DDE1A52608E8DE00208D82 /* CourseDetailView.swift */ = {isa = PBXFileReference; lastKnownFileType = sourcecode.swift; path = CourseDetailView.swift; sourceTree = "<group>"; };
		39DDE1A82608E9D100208D82 /* AddCourse.swift */ = {isa = PBXFileReference; lastKnownFileType = sourcecode.swift; path = AddCourse.swift; sourceTree = "<group>"; };
		39DDE1AB2608EB4C00208D82 /* Course.swift */ = {isa = PBXFileReference; lastKnownFileType = sourcecode.swift; path = Course.swift; sourceTree = "<group>"; };
		39DDE1AE2608F04500208D82 /* CourseCell.swift */ = {isa = PBXFileReference; lastKnownFileType = sourcecode.swift; path = CourseCell.swift; sourceTree = "<group>"; };
		39DDE1B12608F29F00208D82 /* CourseStore.swift */ = {isa = PBXFileReference; lastKnownFileType = sourcecode.swift; path = CourseStore.swift; sourceTree = "<group>"; };
		39DDE1B72609671F00208D82 /* Assignments.swift */ = {isa = PBXFileReference; lastKnownFileType = sourcecode.swift; path = Assignments.swift; sourceTree = "<group>"; };
		39DDE1BA26096AA700208D82 /* AssignmentPriority.swift */ = {isa = PBXFileReference; lastKnownFileType = sourcecode.swift; path = AssignmentPriority.swift; sourceTree = "<group>"; };
/* End PBXFileReference section */

/* Begin PBXFrameworksBuildPhase section */
		397ADF8726012E80001ADBB1 /* Frameworks */ = {
			isa = PBXFrameworksBuildPhase;
			buildActionMask = 2147483647;
			files = (
			);
			runOnlyForDeploymentPostprocessing = 0;
		};
/* End PBXFrameworksBuildPhase section */

/* Begin PBXGroup section */
		3931F40226050867002DB3B7 /* View */ = {
			isa = PBXGroup;
			children = (
				397ADF8F26012E80001ADBB1 /* ContentView.swift */,
				39DDE1A52608E8DE00208D82 /* CourseDetailView.swift */,
				39DDE1A82608E9D100208D82 /* AddCourse.swift */,
				39DDE1AE2608F04500208D82 /* CourseCell.swift */,
			);
			path = View;
			sourceTree = "<group>";
		};
		3931F40426050884002DB3B7 /* Model */ = {
			isa = PBXGroup;
			children = (
				39DDE1AB2608EB4C00208D82 /* Course.swift */,
				39DDE1B12608F29F00208D82 /* CourseStore.swift */,
				39DDE1B72609671F00208D82 /* Assignments.swift */,
				39DDE1BA26096AA700208D82 /* AssignmentPriority.swift */,
			);
			path = Model;
			sourceTree = "<group>";
		};
		397ADF8126012E80001ADBB1 = {
			isa = PBXGroup;
			children = (
				397ADF8C26012E80001ADBB1 /* SchoolPlanner */,
				397ADF8B26012E80001ADBB1 /* Products */,
			);
			sourceTree = "<group>";
		};
		397ADF8B26012E80001ADBB1 /* Products */ = {
			isa = PBXGroup;
			children = (
				397ADF8A26012E80001ADBB1 /* SchoolPlanner.app */,
			);
			name = Products;
			sourceTree = "<group>";
		};
		397ADF8C26012E80001ADBB1 /* SchoolPlanner */ = {
			isa = PBXGroup;
			children = (
				397ADF8D26012E80001ADBB1 /* SchoolPlannerApp.swift */,
				3931F40426050884002DB3B7 /* Model */,
				3931F40226050867002DB3B7 /* View */,
				397ADF9126012E86001ADBB1 /* Assets.xcassets */,
				397ADF9626012E86001ADBB1 /* Info.plist */,
				397ADF9326012E86001ADBB1 /* Preview Content */,
			);
			path = SchoolPlanner;
			sourceTree = "<group>";
		};
		397ADF9326012E86001ADBB1 /* Preview Content */ = {
			isa = PBXGroup;
			children = (
				397ADF9426012E86001ADBB1 /* Preview Assets.xcassets */,
			);
			path = "Preview Content";
			sourceTree = "<group>";
		};
/* End PBXGroup section */

/* Begin PBXNativeTarget section */
		397ADF8926012E80001ADBB1 /* SchoolPlanner */ = {
			isa = PBXNativeTarget;
			buildConfigurationList = 397ADF9926012E86001ADBB1 /* Build configuration list for PBXNativeTarget "SchoolPlanner" */;
			buildPhases = (
				397ADF8626012E80001ADBB1 /* Sources */,
				397ADF8726012E80001ADBB1 /* Frameworks */,
				397ADF8826012E80001ADBB1 /* Resources */,
			);
			buildRules = (
			);
			dependencies = (
			);
			name = SchoolPlanner;
			productName = SchoolPlanner;
			productReference = 397ADF8A26012E80001ADBB1 /* SchoolPlanner.app */;
			productType = "com.apple.product-type.application";
		};
/* End PBXNativeTarget section */

/* Begin PBXProject section */
		397ADF8226012E80001ADBB1 /* Project object */ = {
			isa = PBXProject;
			attributes = {
				LastSwiftUpdateCheck = 1230;
				LastUpgradeCheck = 1230;
				TargetAttributes = {
					397ADF8926012E80001ADBB1 = {
						CreatedOnToolsVersion = 12.3;
					};
				};
			};
			buildConfigurationList = 397ADF8526012E80001ADBB1 /* Build configuration list for PBXProject "SchoolPlanner" */;
			compatibilityVersion = "Xcode 9.3";
			developmentRegion = en;
			hasScannedForEncodings = 0;
			knownRegions = (
				en,
				Base,
			);
			mainGroup = 397ADF8126012E80001ADBB1;
			productRefGroup = 397ADF8B26012E80001ADBB1 /* Products */;
			projectDirPath = "";
			projectRoot = "";
			targets = (
				397ADF8926012E80001ADBB1 /* SchoolPlanner */,
			);
		};
/* End PBXProject section */

/* Begin PBXResourcesBuildPhase section */
		397ADF8826012E80001ADBB1 /* Resources */ = {
			isa = PBXResourcesBuildPhase;
			buildActionMask = 2147483647;
			files = (
				397ADF9526012E86001ADBB1 /* Preview Assets.xcassets in Resources */,
				397ADF9226012E86001ADBB1 /* Assets.xcassets in Resources */,
			);
			runOnlyForDeploymentPostprocessing = 0;
		};
/* End PBXResourcesBuildPhase section */

/* Begin PBXSourcesBuildPhase section */
		397ADF8626012E80001ADBB1 /* Sources */ = {
			isa = PBXSourcesBuildPhase;
			buildActionMask = 2147483647;
			files = (
				39DDE1B82609671F00208D82 /* Assignments.swift in Sources */,
				39DDE1AF2608F04500208D82 /* CourseCell.swift in Sources */,
				39DDE1A92608E9D100208D82 /* AddCourse.swift in Sources */,
				397ADF9026012E80001ADBB1 /* ContentView.swift in Sources */,
				39DDE1B22608F29F00208D82 /* CourseStore.swift in Sources */,
				39DDE1AC2608EB4C00208D82 /* Course.swift in Sources */,
				39DDE1A62608E8DE00208D82 /* CourseDetailView.swift in Sources */,
				39DDE1BB26096AA700208D82 /* AssignmentPriority.swift in Sources */,
				397ADF8E26012E80001ADBB1 /* SchoolPlannerApp.swift in Sources */,
			);
			runOnlyForDeploymentPostprocessing = 0;
		};
/* End PBXSourcesBuildPhase section */

/* Begin XCBuildConfiguration section */
		397ADF9726012E86001ADBB1 /* Debug */ = {
			isa = XCBuildConfiguration;
			buildSettings = {
				ALWAYS_SEARCH_USER_PATHS = NO;
				CLANG_ANALYZER_NONNULL = YES;
				CLANG_ANALYZER_NUMBER_OBJECT_CONVERSION = YES_AGGRESSIVE;
				CLANG_CXX_LANGUAGE_STANDARD = "gnu++14";
				CLANG_CXX_LIBRARY = "libc++";
				CLANG_ENABLE_MODULES = YES;
				CLANG_ENABLE_OBJC_ARC = YES;
				CLANG_ENABLE_OBJC_WEAK = YES;
				CLANG_WARN_BLOCK_CAPTURE_AUTORELEASING = YES;
				CLANG_WARN_BOOL_CONVERSION = YES;
				CLANG_WARN_COMMA = YES;
				CLANG_WARN_CONSTANT_CONVERSION = YES;
				CLANG_WARN_DEPRECATED_OBJC_IMPLEMENTATIONS = YES;
				CLANG_WARN_DIRECT_OBJC_ISA_USAGE = YES_ERROR;
				CLANG_WARN_DOCUMENTATION_COMMENTS = YES;
				CLANG_WARN_EMPTY_BODY = YES;
				CLANG_WARN_ENUM_CONVERSION = YES;
				CLANG_WARN_INFINITE_RECURSION = YES;
				CLANG_WARN_INT_CONVERSION = YES;
				CLANG_WARN_NON_LITERAL_NULL_CONVERSION = YES;
				CLANG_WARN_OBJC_IMPLICIT_RETAIN_SELF = YES;
				CLANG_WARN_OBJC_LITERAL_CONVERSION = YES;
				CLANG_WARN_OBJC_ROOT_CLASS = YES_ERROR;
				CLANG_WARN_QUOTED_INCLUDE_IN_FRAMEWORK_HEADER = YES;
				CLANG_WARN_RANGE_LOOP_ANALYSIS = YES;
				CLANG_WARN_STRICT_PROTOTYPES = YES;
				CLANG_WARN_SUSPICIOUS_MOVE = YES;
				CLANG_WARN_UNGUARDED_AVAILABILITY = YES_AGGRESSIVE;
				CLANG_WARN_UNREACHABLE_CODE = YES;
				CLANG_WARN__DUPLICATE_METHOD_MATCH = YES;
				COPY_PHASE_STRIP = NO;
				DEBUG_INFORMATION_FORMAT = dwarf;
				ENABLE_STRICT_OBJC_MSGSEND = YES;
				ENABLE_TESTABILITY = YES;
				GCC_C_LANGUAGE_STANDARD = gnu11;
				GCC_DYNAMIC_NO_PIC = NO;
				GCC_NO_COMMON_BLOCKS = YES;
				GCC_OPTIMIZATION_LEVEL = 0;
				GCC_PREPROCESSOR_DEFINITIONS = (
					"DEBUG=1",
					"$(inherited)",
				);
				GCC_WARN_64_TO_32_BIT_CONVERSION = YES;
				GCC_WARN_ABOUT_RETURN_TYPE = YES_ERROR;
				GCC_WARN_UNDECLARED_SELECTOR = YES;
				GCC_WARN_UNINITIALIZED_AUTOS = YES_AGGRESSIVE;
				GCC_WARN_UNUSED_FUNCTION = YES;
				GCC_WARN_UNUSED_VARIABLE = YES;
				IPHONEOS_DEPLOYMENT_TARGET = 14.3;
				MTL_ENABLE_DEBUG_INFO = INCLUDE_SOURCE;
				MTL_FAST_MATH = YES;
				ONLY_ACTIVE_ARCH = YES;
				SDKROOT = iphoneos;
				SWIFT_ACTIVE_COMPILATION_CONDITIONS = DEBUG;
				SWIFT_OPTIMIZATION_LEVEL = "-Onone";
			};
			name = Debug;
		};
		397ADF9826012E86001ADBB1 /* Release */ = {
			isa = XCBuildConfiguration;
			buildSettings = {
				ALWAYS_SEARCH_USER_PATHS = NO;
				CLANG_ANALYZER_NONNULL = YES;
				CLANG_ANALYZER_NUMBER_OBJECT_CONVERSION = YES_AGGRESSIVE;
				CLANG_CXX_LANGUAGE_STANDARD = "gnu++14";
				CLANG_CXX_LIBRARY = "libc++";
				CLANG_ENABLE_MODULES = YES;
				CLANG_ENABLE_OBJC_ARC = YES;
				CLANG_ENABLE_OBJC_WEAK = YES;
				CLANG_WARN_BLOCK_CAPTURE_AUTORELEASING = YES;
				CLANG_WARN_BOOL_CONVERSION = YES;
				CLANG_WARN_COMMA = YES;
				CLANG_WARN_CONSTANT_CONVERSION = YES;
				CLANG_WARN_DEPRECATED_OBJC_IMPLEMENTATIONS = YES;
				CLANG_WARN_DIRECT_OBJC_ISA_USAGE = YES_ERROR;
				CLANG_WARN_DOCUMENTATION_COMMENTS = YES;
				CLANG_WARN_EMPTY_BODY = YES;
				CLANG_WARN_ENUM_CONVERSION = YES;
				CLANG_WARN_INFINITE_RECURSION = YES;
				CLANG_WARN_INT_CONVERSION = YES;
				CLANG_WARN_NON_LITERAL_NULL_CONVERSION = YES;
				CLANG_WARN_OBJC_IMPLICIT_RETAIN_SELF = YES;
				CLANG_WARN_OBJC_LITERAL_CONVERSION = YES;
				CLANG_WARN_OBJC_ROOT_CLASS = YES_ERROR;
				CLANG_WARN_QUOTED_INCLUDE_IN_FRAMEWORK_HEADER = YES;
				CLANG_WARN_RANGE_LOOP_ANALYSIS = YES;
				CLANG_WARN_STRICT_PROTOTYPES = YES;
				CLANG_WARN_SUSPICIOUS_MOVE = YES;
				CLANG_WARN_UNGUARDED_AVAILABILITY = YES_AGGRESSIVE;
				CLANG_WARN_UNREACHABLE_CODE = YES;
				CLANG_WARN__DUPLICATE_METHOD_MATCH = YES;
				COPY_PHASE_STRIP = NO;
				DEBUG_INFORMATION_FORMAT = "dwarf-with-dsym";
				ENABLE_NS_ASSERTIONS = NO;
				ENABLE_STRICT_OBJC_MSGSEND = YES;
				GCC_C_LANGUAGE_STANDARD = gnu11;
				GCC_NO_COMMON_BLOCKS = YES;
				GCC_WARN_64_TO_32_BIT_CONVERSION = YES;
				GCC_WARN_ABOUT_RETURN_TYPE = YES_ERROR;
				GCC_WARN_UNDECLARED_SELECTOR = YES;
				GCC_WARN_UNINITIALIZED_AUTOS = YES_AGGRESSIVE;
				GCC_WARN_UNUSED_FUNCTION = YES;
				GCC_WARN_UNUSED_VARIABLE = YES;
				IPHONEOS_DEPLOYMENT_TARGET = 14.3;
				MTL_ENABLE_DEBUG_INFO = NO;
				MTL_FAST_MATH = YES;
				SDKROOT = iphoneos;
				SWIFT_COMPILATION_MODE = wholemodule;
				SWIFT_OPTIMIZATION_LEVEL = "-O";
				VALIDATE_PRODUCT = YES;
			};
			name = Release;
		};
		397ADF9A26012E86001ADBB1 /* Debug */ = {
			isa = XCBuildConfiguration;
			buildSettings = {
				ASSETCATALOG_COMPILER_APPICON_NAME = AppIcon;
				ASSETCATALOG_COMPILER_GLOBAL_ACCENT_COLOR_NAME = AccentColor;
				CODE_SIGN_STYLE = Automatic;
				DEVELOPMENT_ASSET_PATHS = "SchoolPlanner/Preview\\ Content SchoolPlanner/View/ContentView.swift";
				DEVELOPMENT_TEAM = U7N3AQ6LLP;
				ENABLE_PREVIEWS = YES;
				INFOPLIST_FILE = SchoolPlanner/Info.plist;
				IPHONEOS_DEPLOYMENT_TARGET = 14.0;
				LD_RUNPATH_SEARCH_PATHS = (
					"$(inherited)",
					"@executable_path/Frameworks",
				);
				PRODUCT_BUNDLE_IDENTIFIER = ca.wonderwaffle.SchoolPlanner;
				PRODUCT_NAME = "$(TARGET_NAME)";
				SWIFT_VERSION = 5.0;
				TARGETED_DEVICE_FAMILY = "1,2";
			};
			name = Debug;
		};
		397ADF9B26012E86001ADBB1 /* Release */ = {
			isa = XCBuildConfiguration;
			buildSettings = {
				ASSETCATALOG_COMPILER_APPICON_NAME = AppIcon;
				ASSETCATALOG_COMPILER_GLOBAL_ACCENT_COLOR_NAME = AccentColor;
				CODE_SIGN_STYLE = Automatic;
				DEVELOPMENT_ASSET_PATHS = "SchoolPlanner/Preview\\ Content SchoolPlanner/View/ContentView.swift";
				DEVELOPMENT_TEAM = U7N3AQ6LLP;
				ENABLE_PREVIEWS = YES;
				INFOPLIST_FILE = SchoolPlanner/Info.plist;
				IPHONEOS_DEPLOYMENT_TARGET = 14.0;
				LD_RUNPATH_SEARCH_PATHS = (
					"$(inherited)",
					"@executable_path/Frameworks",
				);
				PRODUCT_BUNDLE_IDENTIFIER = ca.wonderwaffle.SchoolPlanner;
				PRODUCT_NAME = "$(TARGET_NAME)";
				SWIFT_VERSION = 5.0;
				TARGETED_DEVICE_FAMILY = "1,2";
			};
			name = Release;
		};
/* End XCBuildConfiguration section */

/* Begin XCConfigurationList section */
		397ADF8526012E80001ADBB1 /* Build configuration list for PBXProject "SchoolPlanner" */ = {
			isa = XCConfigurationList;
			buildConfigurations = (
				397ADF9726012E86001ADBB1 /* Debug */,
				397ADF9826012E86001ADBB1 /* Release */,
			);
			defaultConfigurationIsVisible = 0;
			defaultConfigurationName = Release;
		};
		397ADF9926012E86001ADBB1 /* Build configuration list for PBXNativeTarget "SchoolPlanner" */ = {
			isa = XCConfigurationList;
			buildConfigurations = (
				397ADF9A26012E86001ADBB1 /* Debug */,
				397ADF9B26012E86001ADBB1 /* Release */,
			);
			defaultConfigurationIsVisible = 0;
			defaultConfigurationName = Release;
		};
/* End XCConfigurationList section */
	};
	rootObject = 397ADF8226012E80001ADBB1 /* Project object */;
}
